
Microsoft Visual Studio Solution File, Format Version 12.00
# Visual Studio Version 17
VisualStudioVersion = 17.5.002.0
MinimumVisualStudioVersion = 10.0.40219.1
Project("{9A19103F-16F7-4668-BE54-9A1E7A4F7556}") = "odp", "odp.csproj", "{F4D49677-2377-4941-9425-0A9649BCFA89}"
EndProject
Global
	GlobalSection(SolutionConfigurationPlatforms) = preSolution
		Debug|Any CPU = Debug|Any CPU
		Release|Any CPU = Release|Any CPU
	EndGlobalSection
	GlobalSection(ProjectConfigurationPlatforms) = postSolution
		{F4D49677-2377-4941-9425-0A9649BCFA89}.Debug|Any CPU.ActiveCfg = Debug|Any CPU
		{F4D49677-2377-4941-9425-0A9649BCFA89}.Debug|Any CPU.Build.0 = Debug|Any CPU
		{F4D49677-2377-4941-9425-0A9649BCFA89}.Release|Any CPU.ActiveCfg = Release|Any CPU
		{F4D49677-2377-4941-9425-0A9649BCFA89}.Release|Any CPU.Build.0 = Release|Any CPU
	EndGlobalSection
	GlobalSection(SolutionProperties) = preSolution
		HideSolutionNode = FALSE
	EndGlobalSection
	GlobalSection(ExtensibilityGlobals) = postSolution
		SolutionGuid = {D656F70A-9492-45AD-90A4-4E0093A12255}
	EndGlobalSection
EndGlobal
